{
    "php": {
        "version": "7.4"
    },
    "symfony/apache-pack": {
        "version": "1.0",
        "recipe": {
            "repo": "github.com/symfony/recipes-contrib",
            "branch": "master",
            "version": "1.0",
            "ref": "410b9325a37ef86f1e47262c61738f6202202bca"
        },
        "files": [
            "public/.htaccess"
        ]
    }
}
